
Microsoft Visual Studio Solution File, Format Version 12.00
# Visual Studio 15
VisualStudioVersion = 15.0.28307.168
MinimumVisualStudioVersion = 10.0.40219.1
Project("{FAE04EC0-301F-11D3-BF4B-00C04F79EFBC}") = "snake", "snake\snake.csproj", "{C28573AE-52C2-49AF-B434-FB3FBE17E289}"
EndProject
Global
	GlobalSection(SolutionConfigurationPlatforms) = preSolution
		Debug|Any CPU = Debug|Any CPU
		Release|Any CPU = Release|Any CPU
	EndGlobalSection
	GlobalSection(ProjectConfigurationPlatforms) = postSolution
		{C28573AE-52C2-49AF-B434-FB3FBE17E289}.Debug|Any CPU.ActiveCfg = Debug|Any CPU
		{C28573AE-52C2-49AF-B434-FB3FBE17E289}.Debug|Any CPU.Build.0 = Debug|Any CPU
		{C28573AE-52C2-49AF-B434-FB3FBE17E289}.Release|Any CPU.ActiveCfg = Release|Any CPU
		{C28573AE-52C2-49AF-B434-FB3FBE17E289}.Release|Any CPU.Build.0 = Release|Any CPU
	EndGlobalSection
	GlobalSection(SolutionProperties) = preSolution
		HideSolutionNode = FALSE
	EndGlobalSection
	GlobalSection(ExtensibilityGlobals) = postSolution
		SolutionGuid = {E620E89A-3A71-4FEE-A557-24658EF30C5E}
	EndGlobalSection
EndGlobal
